PODS:
  - Argo (2.2.0)
  - CryptoSwift (0.2.3)
  - Curry (1.4.0)
  - Nimble (3.0.0)
  - Quick (0.8.0)
  - RxSwift (2.2.0)
  - RxTwift (0.1.0):
    - Argo (~> 2.2)
    - CryptoSwift (~> 0.2)
    - Curry (~> 1.4)
    - RxSwift (~> 2.0)

DEPENDENCIES:
  - Nimble (= 3.0.0)
  - Quick (~> 0.8.0)
  - RxTwift (from `../`)

EXTERNAL SOURCES:
  RxTwift:
    :path: "../"

SPEC CHECKSUMS:
  Argo: 4f52a32b4cd913c204e5a45f420b3fccad3e3f24
  CryptoSwift: b2bf37b8e7cc6d682ef3365cb966bc5ae5174aa5
  Curry: 294533187eedbf52db60a1e70c29b4f5c9f621c0
  Nimble: 4c353d43735b38b545cbb4cb91504588eb5de926
  Quick: 563d0f6ec5f72e394645adb377708639b7dd38ab
  RxSwift: b8a749f2204c6c7a5c29b306a9c3bc11d5b87c5b
  RxTwift: 6824499d8a348f98077cd295b3d82a28451c51a0

COCOAPODS: 0.39.0
